// !$*UTF8*$!
{
	archiveVersion = 1;
	classes = {
	};
	objectVersion = 50;
	objects = {

/* Begin PBXBuildFile section */
		E9B568642676369400397712 /* PostInfo.swift in Sources */ = {isa = PBXBuildFile; fileRef = E9B568632676369400397712 /* PostInfo.swift */; };
		E9B568662676445B00397712 /* ImageCollectionViewCell.swift in Sources */ = {isa = PBXBuildFile; fileRef = E9B568652676445B00397712 /* ImageCollectionViewCell.swift */; };
		E9B568682676449000397712 /* ProfileViewController.swift in Sources */ = {isa = PBXBuildFile; fileRef = E9B568672676449000397712 /* ProfileViewController.swift */; };
		E9D8348B2679583700DD3315 /* NetworkService.swift in Sources */ = {isa = PBXBuildFile; fileRef = E9D8348A2679583700DD3315 /* NetworkService.swift */; };
		E9D834922679EBFB00DD3315 /* SearchTableViewCell.swift in Sources */ = {isa = PBXBuildFile; fileRef = E9D834912679EBFB00DD3315 /* SearchTableViewCell.swift */; };
		E9D834942679EC1400DD3315 /* SearchViewController.swift in Sources */ = {isa = PBXBuildFile; fileRef = E9D834932679EC1400DD3315 /* SearchViewController.swift */; };
		E9D834962679EDC200DD3315 /* NetworkSearchService.swift in Sources */ = {isa = PBXBuildFile; fileRef = E9D834952679EDC200DD3315 /* NetworkSearchService.swift */; };
		E9D834982679EDF500DD3315 /* SearchResultsData.swift in Sources */ = {isa = PBXBuildFile; fileRef = E9D834972679EDF500DD3315 /* SearchResultsData.swift */; };
		E9D8349A2679EF0E00DD3315 /* SearchedUser.swift in Sources */ = {isa = PBXBuildFile; fileRef = E9D834992679EF0E00DD3315 /* SearchedUser.swift */; };
		E9DD417A2673A9AF009C9B7E /* NetworkAccountService.swift in Sources */ = {isa = PBXBuildFile; fileRef = E9DD41792673A9AF009C9B7E /* NetworkAccountService.swift */; };
		E9DDC8D4267B8160001D777B /* TrendPostsViewController.swift in Sources */ = {isa = PBXBuildFile; fileRef = E9DDC8D3267B8160001D777B /* TrendPostsViewController.swift */; };
		E9DDC8D6267B8178001D777B /* NetworkTrendPosts.swift in Sources */ = {isa = PBXBuildFile; fileRef = E9DDC8D5267B8178001D777B /* NetworkTrendPosts.swift */; };
		E9DDC8DB267B84F0001D777B /* TrendsCollectionViewCell.swift in Sources */ = {isa = PBXBuildFile; fileRef = E9DDC8DA267B84F0001D777B /* TrendsCollectionViewCell.swift */; };
		E9DDC8DD267B8A57001D777B /* TabBarViewController.swift in Sources */ = {isa = PBXBuildFile; fileRef = E9DDC8DC267B8A57001D777B /* TabBarViewController.swift */; };
		E9DDC8E7267B9B43001D777B /* DetailPostViewController.swift in Sources */ = {isa = PBXBuildFile; fileRef = E9DDC8E6267B9B43001D777B /* DetailPostViewController.swift */; };
		E9E7FC672672678300B29C90 /* AppDelegate.swift in Sources */ = {isa = PBXBuildFile; fileRef = E9E7FC662672678300B29C90 /* AppDelegate.swift */; };
		E9E7FC692672678300B29C90 /* SceneDelegate.swift in Sources */ = {isa = PBXBuildFile; fileRef = E9E7FC682672678300B29C90 /* SceneDelegate.swift */; };
		E9E7FC6E2672678300B29C90 /* Main.storyboard in Resources */ = {isa = PBXBuildFile; fileRef = E9E7FC6C2672678300B29C90 /* Main.storyboard */; };
		E9E7FC712672678300B29C90 /* ProjectAPI.xcdatamodeld in Sources */ = {isa = PBXBuildFile; fileRef = E9E7FC6F2672678300B29C90 /* ProjectAPI.xcdatamodeld */; };
		E9E7FC732672678600B29C90 /* Assets.xcassets in Resources */ = {isa = PBXBuildFile; fileRef = E9E7FC722672678600B29C90 /* Assets.xcassets */; };
		E9E7FC762672678600B29C90 /* LaunchScreen.storyboard in Resources */ = {isa = PBXBuildFile; fileRef = E9E7FC742672678600B29C90 /* LaunchScreen.storyboard */; };
		E9E7FC8126739DE000B29C90 /* PostsData.swift in Sources */ = {isa = PBXBuildFile; fileRef = E9E7FC8026739DE000B29C90 /* PostsData.swift */; };
		E9FBC57E2676637900A422C3 /* AccountData.swift in Sources */ = {isa = PBXBuildFile; fileRef = E9FBC57D2676637900A422C3 /* AccountData.swift */; };
		E9FBC5802676660100A422C3 /* Account.swift in Sources */ = {isa = PBXBuildFile; fileRef = E9FBC57F2676660100A422C3 /* Account.swift */; };
		E9FBC58226766A8100A422C3 /* Posts.swift in Sources */ = {isa = PBXBuildFile; fileRef = E9FBC58126766A8100A422C3 /* Posts.swift */; };
/* End PBXBuildFile section */

/* Begin PBXFileReference section */
		E9B568632676369400397712 /* PostInfo.swift */ = {isa = PBXFileReference; lastKnownFileType = sourcecode.swift; path = PostInfo.swift; sourceTree = "<group>"; };
		E9B568652676445B00397712 /* ImageCollectionViewCell.swift */ = {isa = PBXFileReference; lastKnownFileType = sourcecode.swift; path = ImageCollectionViewCell.swift; sourceTree = "<group>"; };
		E9B568672676449000397712 /* ProfileViewController.swift */ = {isa = PBXFileReference; lastKnownFileType = sourcecode.swift; path = ProfileViewController.swift; sourceTree = "<group>"; };
		E9D8348A2679583700DD3315 /* NetworkService.swift */ = {isa = PBXFileReference; lastKnownFileType = sourcecode.swift; path = NetworkService.swift; sourceTree = "<group>"; };
		E9D834912679EBFB00DD3315 /* SearchTableViewCell.swift */ = {isa = PBXFileReference; lastKnownFileType = sourcecode.swift; path = SearchTableViewCell.swift; sourceTree = "<group>"; };
		E9D834932679EC1400DD3315 /* SearchViewController.swift */ = {isa = PBXFileReference; lastKnownFileType = sourcecode.swift; path = SearchViewController.swift; sourceTree = "<group>"; };
		E9D834952679EDC200DD3315 /* NetworkSearchService.swift */ = {isa = PBXFileReference; lastKnownFileType = sourcecode.swift; path = NetworkSearchService.swift; sourceTree = "<group>"; };
		E9D834972679EDF500DD3315 /* SearchResultsData.swift */ = {isa = PBXFileReference; lastKnownFileType = sourcecode.swift; path = SearchResultsData.swift; sourceTree = "<group>"; };
		E9D834992679EF0E00DD3315 /* SearchedUser.swift */ = {isa = PBXFileReference; lastKnownFileType = sourcecode.swift; path = SearchedUser.swift; sourceTree = "<group>"; };
		E9DD41792673A9AF009C9B7E /* NetworkAccountService.swift */ = {isa = PBXFileReference; lastKnownFileType = sourcecode.swift; path = NetworkAccountService.swift; sourceTree = "<group>"; };
		E9DDC8D3267B8160001D777B /* TrendPostsViewController.swift */ = {isa = PBXFileReference; lastKnownFileType = sourcecode.swift; path = TrendPostsViewController.swift; sourceTree = "<group>"; };
		E9DDC8D5267B8178001D777B /* NetworkTrendPosts.swift */ = {isa = PBXFileReference; lastKnownFileType = sourcecode.swift; path = NetworkTrendPosts.swift; sourceTree = "<group>"; };
		E9DDC8DA267B84F0001D777B /* TrendsCollectionViewCell.swift */ = {isa = PBXFileReference; lastKnownFileType = sourcecode.swift; path = TrendsCollectionViewCell.swift; sourceTree = "<group>"; };
		E9DDC8DC267B8A57001D777B /* TabBarViewController.swift */ = {isa = PBXFileReference; lastKnownFileType = sourcecode.swift; path = TabBarViewController.swift; sourceTree = "<group>"; };
		E9DDC8E6267B9B43001D777B /* DetailPostViewController.swift */ = {isa = PBXFileReference; lastKnownFileType = sourcecode.swift; path = DetailPostViewController.swift; sourceTree = "<group>"; };
		E9E7FC632672678300B29C90 /* ProjectAPI.app */ = {isa = PBXFileReference; explicitFileType = wrapper.application; includeInIndex = 0; path = ProjectAPI.app; sourceTree = BUILT_PRODUCTS_DIR; };
		E9E7FC662672678300B29C90 /* AppDelegate.swift */ = {isa = PBXFileReference; lastKnownFileType = sourcecode.swift; path = AppDelegate.swift; sourceTree = "<group>"; };
		E9E7FC682672678300B29C90 /* SceneDelegate.swift */ = {isa = PBXFileReference; lastKnownFileType = sourcecode.swift; path = SceneDelegate.swift; sourceTree = "<group>"; };
		E9E7FC6D2672678300B29C90 /* Base */ = {isa = PBXFileReference; lastKnownFileType = file.storyboard; name = Base; path = Base.lproj/Main.storyboard; sourceTree = "<group>"; };
		E9E7FC702672678300B29C90 /* ProjectAPI.xcdatamodel */ = {isa = PBXFileReference; lastKnownFileType = wrapper.xcdatamodel; path = ProjectAPI.xcdatamodel; sourceTree = "<group>"; };
		E9E7FC722672678600B29C90 /* Assets.xcassets */ = {isa = PBXFileReference; lastKnownFileType = folder.assetcatalog; path = Assets.xcassets; sourceTree = "<group>"; };
		E9E7FC752672678600B29C90 /* Base */ = {isa = PBXFileReference; lastKnownFileType = file.storyboard; name = Base; path = Base.lproj/LaunchScreen.storyboard; sourceTree = "<group>"; };
		E9E7FC772672678600B29C90 /* Info.plist */ = {isa = PBXFileReference; lastKnownFileType = text.plist.xml; path = Info.plist; sourceTree = "<group>"; };
		E9E7FC8026739DE000B29C90 /* PostsData.swift */ = {isa = PBXFileReference; lastKnownFileType = sourcecode.swift; path = PostsData.swift; sourceTree = "<group>"; };
		E9FBC57D2676637900A422C3 /* AccountData.swift */ = {isa = PBXFileReference; lastKnownFileType = sourcecode.swift; path = AccountData.swift; sourceTree = "<group>"; };
		E9FBC57F2676660100A422C3 /* Account.swift */ = {isa = PBXFileReference; lastKnownFileType = sourcecode.swift; path = Account.swift; sourceTree = "<group>"; };
		E9FBC58126766A8100A422C3 /* Posts.swift */ = {isa = PBXFileReference; lastKnownFileType = sourcecode.swift; path = Posts.swift; sourceTree = "<group>"; };
/* End PBXFileReference section */

/* Begin PBXFrameworksBuildPhase section */
		E9E7FC602672678300B29C90 /* Frameworks */ = {
			isa = PBXFrameworksBuildPhase;
			buildActionMask = 2147483647;
			files = (
			);
			runOnlyForDeploymentPostprocessing = 0;
		};
/* End PBXFrameworksBuildPhase section */

/* Begin PBXGroup section */
		E954816B267A161E00C40C8E /* Data */ = {
			isa = PBXGroup;
			children = (
				E9D834972679EDF500DD3315 /* SearchResultsData.swift */,
			);
			path = Data;
			sourceTree = "<group>";
		};
		E9B568622676367700397712 /* ExtraFiles */ = {
			isa = PBXGroup;
			children = (
				E9B568632676369400397712 /* PostInfo.swift */,
			);
			path = ExtraFiles;
			sourceTree = "<group>";
		};
		E9B5686C267657B200397712 /* Profile */ = {
			isa = PBXGroup;
			children = (
				E9E7FC7D26739DAF00B29C90 /* Model */,
				E9E7FC7E26739DB400B29C90 /* View */,
				E9E7FC7F26739DBE00B29C90 /* Controller */,
				E9E7FC822673A07900B29C90 /* Network */,
			);
			path = Profile;
			sourceTree = "<group>";
		};
		E9B5686D267657CA00397712 /* Application */ = {
			isa = PBXGroup;
			children = (
				E9DDC8DE267B8AD4001D777B /* Extensions */,
				E9B568622676367700397712 /* ExtraFiles */,
				E9B5686F267657DE00397712 /* Model */,
				E9B5686E267657D700397712 /* View */,
				E9B56870267657EA00397712 /* Controller */,
				E9B568712676580900397712 /* Files */,
			);
			path = Application;
			sourceTree = "<group>";
		};
		E9B5686E267657D700397712 /* View */ = {
			isa = PBXGroup;
			children = (
				E9E7FC6C2672678300B29C90 /* Main.storyboard */,
				E9E7FC742672678600B29C90 /* LaunchScreen.storyboard */,
			);
			path = View;
			sourceTree = "<group>";
		};
		E9B5686F267657DE00397712 /* Model */ = {
			isa = PBXGroup;
			children = (
				E9D8348A2679583700DD3315 /* NetworkService.swift */,
			);
			path = Model;
			sourceTree = "<group>";
		};
		E9B56870267657EA00397712 /* Controller */ = {
			isa = PBXGroup;
			children = (
				E9E7FC662672678300B29C90 /* AppDelegate.swift */,
				E9E7FC682672678300B29C90 /* SceneDelegate.swift */,
				E9DDC8DC267B8A57001D777B /* TabBarViewController.swift */,
			);
			path = Controller;
			sourceTree = "<group>";
		};
		E9B568712676580900397712 /* Files */ = {
			isa = PBXGroup;
			children = (
				E9E7FC722672678600B29C90 /* Assets.xcassets */,
				E9E7FC772672678600B29C90 /* Info.plist */,
				E9E7FC6F2672678300B29C90 /* ProjectAPI.xcdatamodeld */,
			);
			path = Files;
			sourceTree = "<group>";
		};
		E9D83489267931FA00DD3315 /* Data */ = {
			isa = PBXGroup;
			children = (
				E9E7FC8026739DE000B29C90 /* PostsData.swift */,
				E9FBC57D2676637900A422C3 /* AccountData.swift */,
			);
			path = Data;
			sourceTree = "<group>";
		};
		E9D8348C2679E92300DD3315 /* Search */ = {
			isa = PBXGroup;
			children = (
				E9D8348D2679E93100DD3315 /* Model */,
				E9D8348E2679E93600DD3315 /* View */,
				E9D8348F2679E93C00DD3315 /* Controller */,
				E9D834902679E94E00DD3315 /* Network */,
			);
			path = Search;
			sourceTree = "<group>";
		};
		E9D8348D2679E93100DD3315 /* Model */ = {
			isa = PBXGroup;
			children = (
				E954816B267A161E00C40C8E /* Data */,
				E9D834992679EF0E00DD3315 /* SearchedUser.swift */,
			);
			path = Model;
			sourceTree = "<group>";
		};
		E9D8348E2679E93600DD3315 /* View */ = {
			isa = PBXGroup;
			children = (
				E9D834912679EBFB00DD3315 /* SearchTableViewCell.swift */,
			);
			path = View;
			sourceTree = "<group>";
		};
		E9D8348F2679E93C00DD3315 /* Controller */ = {
			isa = PBXGroup;
			children = (
				E9D834932679EC1400DD3315 /* SearchViewController.swift */,
			);
			path = Controller;
			sourceTree = "<group>";
		};
		E9D834902679E94E00DD3315 /* Network */ = {
			isa = PBXGroup;
			children = (
				E9D834952679EDC200DD3315 /* NetworkSearchService.swift */,
			);
			path = Network;
			sourceTree = "<group>";
		};
		E9DDC8CC267B811B001D777B /* Trends */ = {
			isa = PBXGroup;
			children = (
				E9DDC8D0267B813D001D777B /* Model */,
				E9DDC8CF267B8136001D777B /* View */,
				E9DDC8CE267B8130001D777B /* Controller */,
				E9DDC8CD267B8128001D777B /* Network */,
			);
			path = Trends;
			sourceTree = "<group>";
		};
		E9DDC8CD267B8128001D777B /* Network */ = {
			isa = PBXGroup;
			children = (
				E9DDC8D5267B8178001D777B /* NetworkTrendPosts.swift */,
			);
			path = Network;
			sourceTree = "<group>";
		};
		E9DDC8CE267B8130001D777B /* Controller */ = {
			isa = PBXGroup;
			children = (
				E9DDC8D3267B8160001D777B /* TrendPostsViewController.swift */,
			);
			path = Controller;
			sourceTree = "<group>";
		};
		E9DDC8CF267B8136001D777B /* View */ = {
			isa = PBXGroup;
			children = (
				E9DDC8DA267B84F0001D777B /* TrendsCollectionViewCell.swift */,
			);
			path = View;
			sourceTree = "<group>";
		};
		E9DDC8D0267B813D001D777B /* Model */ = {
			isa = PBXGroup;
			children = (
			);
			path = Model;
			sourceTree = "<group>";
		};
		E9DDC8DE267B8AD4001D777B /* Extensions */ = {
			isa = PBXGroup;
			children = (
			);
			path = Extensions;
			sourceTree = "<group>";
		};
		E9DDC8E2267B9B0D001D777B /* PostDetail */ = {
			isa = PBXGroup;
			children = (
				E9DDC8E5267B9B2B001D777B /* Model */,
				E9DDC8E4267B9B27001D777B /* View */,
				E9DDC8E3267B9B21001D777B /* Controller */,
			);
			path = PostDetail;
			sourceTree = "<group>";
		};
		E9DDC8E3267B9B21001D777B /* Controller */ = {
			isa = PBXGroup;
			children = (
				E9DDC8E6267B9B43001D777B /* DetailPostViewController.swift */,
			);
			path = Controller;
			sourceTree = "<group>";
		};
		E9DDC8E4267B9B27001D777B /* View */ = {
			isa = PBXGroup;
			children = (
			);
			path = View;
			sourceTree = "<group>";
		};
		E9DDC8E5267B9B2B001D777B /* Model */ = {
			isa = PBXGroup;
			children = (
			);
			path = Model;
			sourceTree = "<group>";
		};
		E9E7FC5A2672678300B29C90 = {
			isa = PBXGroup;
			children = (
				E9E7FC652672678300B29C90 /* ProjectAPI */,
				E9E7FC642672678300B29C90 /* Products */,
			);
			sourceTree = "<group>";
		};
		E9E7FC642672678300B29C90 /* Products */ = {
			isa = PBXGroup;
			children = (
				E9E7FC632672678300B29C90 /* ProjectAPI.app */,
			);
			name = Products;
			sourceTree = "<group>";
		};
		E9E7FC652672678300B29C90 /* ProjectAPI */ = {
			isa = PBXGroup;
			children = (
				E9B5686D267657CA00397712 /* Application */,
				E9B5686C267657B200397712 /* Profile */,
				E9DDC8CC267B811B001D777B /* Trends */,
				E9D8348C2679E92300DD3315 /* Search */,
				E9DDC8E2267B9B0D001D777B /* PostDetail */,
			);
			path = ProjectAPI;
			sourceTree = "<group>";
		};
		E9E7FC7D26739DAF00B29C90 /* Model */ = {
			isa = PBXGroup;
			children = (
				E9D83489267931FA00DD3315 /* Data */,
				E9FBC58126766A8100A422C3 /* Posts.swift */,
				E9FBC57F2676660100A422C3 /* Account.swift */,
			);
			path = Model;
			sourceTree = "<group>";
		};
		E9E7FC7E26739DB400B29C90 /* View */ = {
			isa = PBXGroup;
			children = (
				E9B568652676445B00397712 /* ImageCollectionViewCell.swift */,
			);
			path = View;
			sourceTree = "<group>";
		};
		E9E7FC7F26739DBE00B29C90 /* Controller */ = {
			isa = PBXGroup;
			children = (
				E9B568672676449000397712 /* ProfileViewController.swift */,
			);
			path = Controller;
			sourceTree = "<group>";
		};
		E9E7FC822673A07900B29C90 /* Network */ = {
			isa = PBXGroup;
			children = (
				E9DD41792673A9AF009C9B7E /* NetworkAccountService.swift */,
			);
			path = Network;
			sourceTree = "<group>";
		};
/* End PBXGroup section */

/* Begin PBXNativeTarget section */
		E9E7FC622672678300B29C90 /* ProjectAPI */ = {
			isa = PBXNativeTarget;
			buildConfigurationList = E9E7FC7A2672678600B29C90 /* Build configuration list for PBXNativeTarget "ProjectAPI" */;
			buildPhases = (
				E9E7FC5F2672678300B29C90 /* Sources */,
				E9E7FC602672678300B29C90 /* Frameworks */,
				E9E7FC612672678300B29C90 /* Resources */,
			);
			buildRules = (
			);
			dependencies = (
			);
			name = ProjectAPI;
			productName = ProjectAPI;
			productReference = E9E7FC632672678300B29C90 /* ProjectAPI.app */;
			productType = "com.apple.product-type.application";
		};
/* End PBXNativeTarget section */

/* Begin PBXProject section */
		E9E7FC5B2672678300B29C90 /* Project object */ = {
			isa = PBXProject;
			attributes = {
				LastSwiftUpdateCheck = 1250;
				LastUpgradeCheck = 1250;
				TargetAttributes = {
					E9E7FC622672678300B29C90 = {
						CreatedOnToolsVersion = 12.5;
					};
				};
			};
			buildConfigurationList = E9E7FC5E2672678300B29C90 /* Build configuration list for PBXProject "ProjectAPI" */;
			compatibilityVersion = "Xcode 9.3";
			developmentRegion = en;
			hasScannedForEncodings = 0;
			knownRegions = (
				en,
				Base,
			);
			mainGroup = E9E7FC5A2672678300B29C90;
			productRefGroup = E9E7FC642672678300B29C90 /* Products */;
			projectDirPath = "";
			projectRoot = "";
			targets = (
				E9E7FC622672678300B29C90 /* ProjectAPI */,
			);
		};
/* End PBXProject section */

/* Begin PBXResourcesBuildPhase section */
		E9E7FC612672678300B29C90 /* Resources */ = {
			isa = PBXResourcesBuildPhase;
			buildActionMask = 2147483647;
			files = (
				E9E7FC762672678600B29C90 /* LaunchScreen.storyboard in Resources */,
				E9E7FC732672678600B29C90 /* Assets.xcassets in Resources */,
				E9E7FC6E2672678300B29C90 /* Main.storyboard in Resources */,
			);
			runOnlyForDeploymentPostprocessing = 0;
		};
/* End PBXResourcesBuildPhase section */

/* Begin PBXSourcesBuildPhase section */
		E9E7FC5F2672678300B29C90 /* Sources */ = {
			isa = PBXSourcesBuildPhase;
			buildActionMask = 2147483647;
			files = (
				E9D834942679EC1400DD3315 /* SearchViewController.swift in Sources */,
				E9DD417A2673A9AF009C9B7E /* NetworkAccountService.swift in Sources */,
				E9D834962679EDC200DD3315 /* NetworkSearchService.swift in Sources */,
				E9B568642676369400397712 /* PostInfo.swift in Sources */,
				E9D834982679EDF500DD3315 /* SearchResultsData.swift in Sources */,
				E9E7FC712672678300B29C90 /* ProjectAPI.xcdatamodeld in Sources */,
				E9B568662676445B00397712 /* ImageCollectionViewCell.swift in Sources */,
				E9E7FC672672678300B29C90 /* AppDelegate.swift in Sources */,
				E9DDC8D4267B8160001D777B /* TrendPostsViewController.swift in Sources */,
				E9DDC8E7267B9B43001D777B /* DetailPostViewController.swift in Sources */,
				E9FBC5802676660100A422C3 /* Account.swift in Sources */,
				E9FBC58226766A8100A422C3 /* Posts.swift in Sources */,
				E9DDC8DB267B84F0001D777B /* TrendsCollectionViewCell.swift in Sources */,
				E9E7FC692672678300B29C90 /* SceneDelegate.swift in Sources */,
				E9DDC8DD267B8A57001D777B /* TabBarViewController.swift in Sources */,
				E9B568682676449000397712 /* ProfileViewController.swift in Sources */,
				E9E7FC8126739DE000B29C90 /* PostsData.swift in Sources */,
				E9D8348B2679583700DD3315 /* NetworkService.swift in Sources */,
				E9D8349A2679EF0E00DD3315 /* SearchedUser.swift in Sources */,
				E9FBC57E2676637900A422C3 /* AccountData.swift in Sources */,
				E9DDC8D6267B8178001D777B /* NetworkTrendPosts.swift in Sources */,
				E9D834922679EBFB00DD3315 /* SearchTableViewCell.swift in Sources */,
			);
			runOnlyForDeploymentPostprocessing = 0;
		};
/* End PBXSourcesBuildPhase section */

/* Begin PBXVariantGroup section */
		E9E7FC6C2672678300B29C90 /* Main.storyboard */ = {
			isa = PBXVariantGroup;
			children = (
				E9E7FC6D2672678300B29C90 /* Base */,
			);
			name = Main.storyboard;
			sourceTree = "<group>";
		};
		E9E7FC742672678600B29C90 /* LaunchScreen.storyboard */ = {
			isa = PBXVariantGroup;
			children = (
				E9E7FC752672678600B29C90 /* Base */,
			);
			name = LaunchScreen.storyboard;
			sourceTree = "<group>";
		};
/* End PBXVariantGroup section */

/* Begin XCBuildConfiguration section */
		E9E7FC782672678600B29C90 /* Debug */ = {
			isa = XCBuildConfiguration;
			buildSettings = {
				ALWAYS_SEARCH_USER_PATHS = NO;
				CLANG_ANALYZER_NONNULL = YES;
				CLANG_ANALYZER_NUMBER_OBJECT_CONVERSION = YES_AGGRESSIVE;
				CLANG_CXX_LANGUAGE_STANDARD = "gnu++14";
				CLANG_CXX_LIBRARY = "libc++";
				CLANG_ENABLE_MODULES = YES;
				CLANG_ENABLE_OBJC_ARC = YES;
				CLANG_ENABLE_OBJC_WEAK = YES;
				CLANG_WARN_BLOCK_CAPTURE_AUTORELEASING = YES;
				CLANG_WARN_BOOL_CONVERSION = YES;
				CLANG_WARN_COMMA = YES;
				CLANG_WARN_CONSTANT_CONVERSION = YES;
				CLANG_WARN_DEPRECATED_OBJC_IMPLEMENTATIONS = YES;
				CLANG_WARN_DIRECT_OBJC_ISA_USAGE = YES_ERROR;
				CLANG_WARN_DOCUMENTATION_COMMENTS = YES;
				CLANG_WARN_EMPTY_BODY = YES;
				CLANG_WARN_ENUM_CONVERSION = YES;
				CLANG_WARN_INFINITE_RECURSION = YES;
				CLANG_WARN_INT_CONVERSION = YES;
				CLANG_WARN_NON_LITERAL_NULL_CONVERSION = YES;
				CLANG_WARN_OBJC_IMPLICIT_RETAIN_SELF = YES;
				CLANG_WARN_OBJC_LITERAL_CONVERSION = YES;
				CLANG_WARN_OBJC_ROOT_CLASS = YES_ERROR;
				CLANG_WARN_QUOTED_INCLUDE_IN_FRAMEWORK_HEADER = YES;
				CLANG_WARN_RANGE_LOOP_ANALYSIS = YES;
				CLANG_WARN_STRICT_PROTOTYPES = YES;
				CLANG_WARN_SUSPICIOUS_MOVE = YES;
				CLANG_WARN_UNGUARDED_AVAILABILITY = YES_AGGRESSIVE;
				CLANG_WARN_UNREACHABLE_CODE = YES;
				CLANG_WARN__DUPLICATE_METHOD_MATCH = YES;
				COPY_PHASE_STRIP = NO;
				DEBUG_INFORMATION_FORMAT = dwarf;
				ENABLE_STRICT_OBJC_MSGSEND = YES;
				ENABLE_TESTABILITY = YES;
				GCC_C_LANGUAGE_STANDARD = gnu11;
				GCC_DYNAMIC_NO_PIC = NO;
				GCC_NO_COMMON_BLOCKS = YES;
				GCC_OPTIMIZATION_LEVEL = 0;
				GCC_PREPROCESSOR_DEFINITIONS = (
					"DEBUG=1",
					"$(inherited)",
				);
				GCC_WARN_64_TO_32_BIT_CONVERSION = YES;
				GCC_WARN_ABOUT_RETURN_TYPE = YES_ERROR;
				GCC_WARN_UNDECLARED_SELECTOR = YES;
				GCC_WARN_UNINITIALIZED_AUTOS = YES_AGGRESSIVE;
				GCC_WARN_UNUSED_FUNCTION = YES;
				GCC_WARN_UNUSED_VARIABLE = YES;
				IPHONEOS_DEPLOYMENT_TARGET = 14.5;
				MTL_ENABLE_DEBUG_INFO = INCLUDE_SOURCE;
				MTL_FAST_MATH = YES;
				ONLY_ACTIVE_ARCH = YES;
				SDKROOT = iphoneos;
				SWIFT_ACTIVE_COMPILATION_CONDITIONS = DEBUG;
				SWIFT_OPTIMIZATION_LEVEL = "-Onone";
			};
			name = Debug;
		};
		E9E7FC792672678600B29C90 /* Release */ = {
			isa = XCBuildConfiguration;
			buildSettings = {
				ALWAYS_SEARCH_USER_PATHS = NO;
				CLANG_ANALYZER_NONNULL = YES;
				CLANG_ANALYZER_NUMBER_OBJECT_CONVERSION = YES_AGGRESSIVE;
				CLANG_CXX_LANGUAGE_STANDARD = "gnu++14";
				CLANG_CXX_LIBRARY = "libc++";
				CLANG_ENABLE_MODULES = YES;
				CLANG_ENABLE_OBJC_ARC = YES;
				CLANG_ENABLE_OBJC_WEAK = YES;
				CLANG_WARN_BLOCK_CAPTURE_AUTORELEASING = YES;
				CLANG_WARN_BOOL_CONVERSION = YES;
				CLANG_WARN_COMMA = YES;
				CLANG_WARN_CONSTANT_CONVERSION = YES;
				CLANG_WARN_DEPRECATED_OBJC_IMPLEMENTATIONS = YES;
				CLANG_WARN_DIRECT_OBJC_ISA_USAGE = YES_ERROR;
				CLANG_WARN_DOCUMENTATION_COMMENTS = YES;
				CLANG_WARN_EMPTY_BODY = YES;
				CLANG_WARN_ENUM_CONVERSION = YES;
				CLANG_WARN_INFINITE_RECURSION = YES;
				CLANG_WARN_INT_CONVERSION = YES;
				CLANG_WARN_NON_LITERAL_NULL_CONVERSION = YES;
				CLANG_WARN_OBJC_IMPLICIT_RETAIN_SELF = YES;
				CLANG_WARN_OBJC_LITERAL_CONVERSION = YES;
				CLANG_WARN_OBJC_ROOT_CLASS = YES_ERROR;
				CLANG_WARN_QUOTED_INCLUDE_IN_FRAMEWORK_HEADER = YES;
				CLANG_WARN_RANGE_LOOP_ANALYSIS = YES;
				CLANG_WARN_STRICT_PROTOTYPES = YES;
				CLANG_WARN_SUSPICIOUS_MOVE = YES;
				CLANG_WARN_UNGUARDED_AVAILABILITY = YES_AGGRESSIVE;
				CLANG_WARN_UNREACHABLE_CODE = YES;
				CLANG_WARN__DUPLICATE_METHOD_MATCH = YES;
				COPY_PHASE_STRIP = NO;
				DEBUG_INFORMATION_FORMAT = "dwarf-with-dsym";
				ENABLE_NS_ASSERTIONS = NO;
				ENABLE_STRICT_OBJC_MSGSEND = YES;
				GCC_C_LANGUAGE_STANDARD = gnu11;
				GCC_NO_COMMON_BLOCKS = YES;
				GCC_WARN_64_TO_32_BIT_CONVERSION = YES;
				GCC_WARN_ABOUT_RETURN_TYPE = YES_ERROR;
				GCC_WARN_UNDECLARED_SELECTOR = YES;
				GCC_WARN_UNINITIALIZED_AUTOS = YES_AGGRESSIVE;
				GCC_WARN_UNUSED_FUNCTION = YES;
				GCC_WARN_UNUSED_VARIABLE = YES;
				IPHONEOS_DEPLOYMENT_TARGET = 14.5;
				MTL_ENABLE_DEBUG_INFO = NO;
				MTL_FAST_MATH = YES;
				SDKROOT = iphoneos;
				SWIFT_COMPILATION_MODE = wholemodule;
				SWIFT_OPTIMIZATION_LEVEL = "-O";
				VALIDATE_PRODUCT = YES;
			};
			name = Release;
		};
		E9E7FC7B2672678600B29C90 /* Debug */ = {
			isa = XCBuildConfiguration;
			buildSettings = {
				ASSETCATALOG_COMPILER_APPICON_NAME = AppIcon;
				ASSETCATALOG_COMPILER_GLOBAL_ACCENT_COLOR_NAME = AccentColor;
				CODE_SIGN_STYLE = Automatic;
				DEVELOPMENT_TEAM = UHQ7TS5P9H;
				INFOPLIST_FILE = ProjectAPI/Application/Files/Info.plist;
				IPHONEOS_DEPLOYMENT_TARGET = 14.5;
				LD_RUNPATH_SEARCH_PATHS = (
					"$(inherited)",
					"@executable_path/Frameworks",
				);
				PRODUCT_BUNDLE_IDENTIFIER = voxx.ProjectAPI;
				PRODUCT_NAME = "$(TARGET_NAME)";
				SWIFT_VERSION = 5.0;
				TARGETED_DEVICE_FAMILY = "1,2";
			};
			name = Debug;
		};
		E9E7FC7C2672678600B29C90 /* Release */ = {
			isa = XCBuildConfiguration;
			buildSettings = {
				ASSETCATALOG_COMPILER_APPICON_NAME = AppIcon;
				ASSETCATALOG_COMPILER_GLOBAL_ACCENT_COLOR_NAME = AccentColor;
				CODE_SIGN_STYLE = Automatic;
				DEVELOPMENT_TEAM = UHQ7TS5P9H;
				INFOPLIST_FILE = ProjectAPI/Application/Files/Info.plist;
				IPHONEOS_DEPLOYMENT_TARGET = 14.5;
				LD_RUNPATH_SEARCH_PATHS = (
					"$(inherited)",
					"@executable_path/Frameworks",
				);
				PRODUCT_BUNDLE_IDENTIFIER = voxx.ProjectAPI;
				PRODUCT_NAME = "$(TARGET_NAME)";
				SWIFT_VERSION = 5.0;
				TARGETED_DEVICE_FAMILY = "1,2";
			};
			name = Release;
		};
/* End XCBuildConfiguration section */

/* Begin XCConfigurationList section */
		E9E7FC5E2672678300B29C90 /* Build configuration list for PBXProject "ProjectAPI" */ = {
			isa = XCConfigurationList;
			buildConfigurations = (
				E9E7FC782672678600B29C90 /* Debug */,
				E9E7FC792672678600B29C90 /* Release */,
			);
			defaultConfigurationIsVisible = 0;
			defaultConfigurationName = Release;
		};
		E9E7FC7A2672678600B29C90 /* Build configuration list for PBXNativeTarget "ProjectAPI" */ = {
			isa = XCConfigurationList;
			buildConfigurations = (
				E9E7FC7B2672678600B29C90 /* Debug */,
				E9E7FC7C2672678600B29C90 /* Release */,
			);
			defaultConfigurationIsVisible = 0;
			defaultConfigurationName = Release;
		};
/* End XCConfigurationList section */

/* Begin XCVersionGroup section */
		E9E7FC6F2672678300B29C90 /* ProjectAPI.xcdatamodeld */ = {
			isa = XCVersionGroup;
			children = (
				E9E7FC702672678300B29C90 /* ProjectAPI.xcdatamodel */,
			);
			currentVersion = E9E7FC702672678300B29C90 /* ProjectAPI.xcdatamodel */;
			path = ProjectAPI.xcdatamodeld;
			sourceTree = "<group>";
			versionGroupType = wrapper.xcdatamodel;
		};
/* End XCVersionGroup section */
	};
	rootObject = E9E7FC5B2672678300B29C90 /* Project object */;
}
